
Microsoft Visual Studio Solution File, Format Version 12.00
# Visual Studio 15
VisualStudioVersion = 15.0.28307.168
MinimumVisualStudioVersion = 10.0.40219.1
Project("{FAE04EC0-301F-11D3-BF4B-00C04F79EFBC}") = "MY_WEB_APPLICATION", "MY_WEB_APPLICATION\MY_WEB_APPLICATION.csproj", "{B7CCE9CC-3DD2-4770-A3FE-57E088D21D77}"
EndProject
Global
	GlobalSection(SolutionConfigurationPlatforms) = preSolution
		Debug|Any CPU = Debug|Any CPU
		Release|Any CPU = Release|Any CPU
	EndGlobalSection
	GlobalSection(ProjectConfigurationPlatforms) = postSolution
		{B7CCE9CC-3DD2-4770-A3FE-57E088D21D77}.Debug|Any CPU.ActiveCfg = Debug|Any CPU
		{B7CCE9CC-3DD2-4770-A3FE-57E088D21D77}.Debug|Any CPU.Build.0 = Debug|Any CPU
		{B7CCE9CC-3DD2-4770-A3FE-57E088D21D77}.Release|Any CPU.ActiveCfg = Release|Any CPU
		{B7CCE9CC-3DD2-4770-A3FE-57E088D21D77}.Release|Any CPU.Build.0 = Release|Any CPU
	EndGlobalSection
	GlobalSection(SolutionProperties) = preSolution
		HideSolutionNode = FALSE
	EndGlobalSection
	GlobalSection(ExtensibilityGlobals) = postSolution
		SolutionGuid = {CB99C51F-3F87-4DCE-AA96-3B8E05C16235}
	EndGlobalSection
EndGlobal
